{
  "name": "pangolinapp",
  "lockfileVersion": 2,
  "requires": true,
  "packages": {
    "": {
      "devDependencies": {
        "@types/webpack-env": "^1.18.0"
      }
    },
    "node_modules/@types/webpack-env": {
      "version": "1.18.0",
      "resolved": "https://registry.npmjs.org/@types/webpack-env/-/webpack-env-1.18.0.tgz",
      "integrity": "sha512-56/MAlX5WMsPVbOg7tAxnYvNYMMWr/QJiIp6BxVSW3JJXUVzzOn64qW8TzQyMSqSUFM2+PVI4aUHcHOzIz/1tg==",
      "dev": true
    }
  },
  "dependencies": {
    "@types/webpack-env": {
      "version": "1.18.0",
      "resolved": "https://registry.npmjs.org/@types/webpack-env/-/webpack-env-1.18.0.tgz",
      "integrity": "sha512-56/MAlX5WMsPVbOg7tAxnYvNYMMWr/QJiIp6BxVSW3JJXUVzzOn64qW8TzQyMSqSUFM2+PVI4aUHcHOzIz/1tg==",
      "dev": true
    }
  }
}
